
Microsoft Visual Studio Solution File, Format Version 12.00
# Visual Studio Version 17
VisualStudioVersion = 17.3.32929.385
MinimumVisualStudioVersion = 10.0.40219.1
Project("{2150E333-8FDC-42A3-9474-1A3956D46DE8}") = "Services", "Services", "{CB6E2F3C-7406-419A-82BB-BC5840D9CACD}"
EndProject
Project("{2150E333-8FDC-42A3-9474-1A3956D46DE8}") = "Catalog", "Catalog", "{785ABA9A-4984-4869-A86C-F028FF8A396D}"
EndProject
Project("{9A19103F-16F7-4668-BE54-9A1E7A4F7556}") = "FreeCourse.Services.Catalog", "Services\Catalog\FreeCourse.Services.Catalog\FreeCourse.Services.Catalog.csproj", "{76AD915D-7638-4464-BAB3-28FA7061861C}"
EndProject
Project("{2150E333-8FDC-42A3-9474-1A3956D46DE8}") = "Shared", "Shared", "{3E86EB21-6F1A-43E4-9DB6-147D9AFFE08F}"
EndProject
Project("{9A19103F-16F7-4668-BE54-9A1E7A4F7556}") = "FreeCourse.Shared", "Shared\FreeCourse.Shared\FreeCourse.Shared.csproj", "{FEA9A5AA-D58A-438C-99B1-8F20AC156F0D}"
EndProject
Project("{2150E333-8FDC-42A3-9474-1A3956D46DE8}") = "IdentityServer", "IdentityServer", "{96A41863-5977-4A57-A37E-9751CAA817F3}"
EndProject
Project("{9A19103F-16F7-4668-BE54-9A1E7A4F7556}") = "FreeCourse.IdentityServer", "IdentityServer\FreeCourse.IdentityServer\FreeCourse.IdentityServer.csproj", "{A0C7D24B-BD09-46A6-8B38-B4EF5C401D97}"
EndProject
Project("{2150E333-8FDC-42A3-9474-1A3956D46DE8}") = "PhotoStock", "PhotoStock", "{09036ED1-0EA3-4D88-AB94-9C8DBB02260B}"
EndProject
Project("{9A19103F-16F7-4668-BE54-9A1E7A4F7556}") = "FreeCourse.Services.PhotoStock", "Services\PhotoStock\FreeCourse.Services.PhotoStock\FreeCourse.Services.PhotoStock.csproj", "{526F63A7-DBF0-4D4E-A8EE-6BBC36CCB1AC}"
EndProject
Project("{2150E333-8FDC-42A3-9474-1A3956D46DE8}") = "Basket", "Basket", "{DBC5D0DB-0FBC-448B-BBA8-0E3C5953BEA5}"
EndProject
Project("{9A19103F-16F7-4668-BE54-9A1E7A4F7556}") = "FreeCourse.Services.Basket", "Services\Basket\FreeCourse.Services.Basket\FreeCourse.Services.Basket.csproj", "{D6C45E1A-C4C4-4A9A-A1E7-04E9334ED9E3}"
EndProject
Project("{2150E333-8FDC-42A3-9474-1A3956D46DE8}") = "Discount", "Discount", "{0D2CEC57-3F4E-400E-ADCD-72D2C563CE29}"
EndProject
Project("{9A19103F-16F7-4668-BE54-9A1E7A4F7556}") = "FreeCourse.Services.Discount", "Services\Discount\FreeCourse.Services.Discount\FreeCourse.Services.Discount.csproj", "{05041ED6-5E17-4ABE-8F87-527BF9A36C65}"
EndProject
Project("{2150E333-8FDC-42A3-9474-1A3956D46DE8}") = "Order", "Order", "{743747CB-366B-47C4-AAFC-83660D2EC899}"
EndProject
Project("{9A19103F-16F7-4668-BE54-9A1E7A4F7556}") = "FreeCourse.Services.Order.API", "Services\Order\FreeCourse.Services.Order.API\FreeCourse.Services.Order.API.csproj", "{2AA1157F-D0D2-447E-9EF2-FAED76C7902E}"
EndProject
Project("{9A19103F-16F7-4668-BE54-9A1E7A4F7556}") = "FreeCourse.Services.Order.Application", "Services\Order\FreeCourse.Services.Order.Application\FreeCourse.Services.Order.Application.csproj", "{5303E4AE-3E2E-4809-B557-ED4E02FCFDB0}"
EndProject
Project("{9A19103F-16F7-4668-BE54-9A1E7A4F7556}") = "FreeCourse.Services.Order.Domain", "Services\Order\FreeCourse.Services.Order.Domain\FreeCourse.Services.Order.Domain.csproj", "{5160A945-B2E3-44D6-AC61-D48463AE04AE}"
EndProject
Project("{9A19103F-16F7-4668-BE54-9A1E7A4F7556}") = "FreeCourse.Services.Order.Domain.Core", "Services\Order\FreeCourse.Services.Order.Domain.Core\FreeCourse.Services.Order.Domain.Core.csproj", "{65E903EA-2CCC-4425-B9B9-DB484F987FD6}"
EndProject
Project("{9A19103F-16F7-4668-BE54-9A1E7A4F7556}") = "FreeCourse.Services.Order.Infrastructure", "Services\Order\FreeCourse.Services.Order.Infrastructure\FreeCourse.Services.Order.Infrastructure.csproj", "{C59D9EA9-0072-4BCF-9B62-E23CD58CECCF}"
EndProject
Project("{2150E333-8FDC-42A3-9474-1A3956D46DE8}") = "FakePayment", "FakePayment", "{4187570D-7138-4504-B1F8-879AB77F34BC}"
EndProject
Project("{9A19103F-16F7-4668-BE54-9A1E7A4F7556}") = "FreeCourse.Services.FakePayment", "Services\FakePayment\FreeCourse.Services.FakePayment\FreeCourse.Services.FakePayment.csproj", "{673CE269-8ACE-4BF9-B9E4-45545FE269F4}"
EndProject
Project("{2150E333-8FDC-42A3-9474-1A3956D46DE8}") = "Gateways", "Gateways", "{24D1EAC4-10E9-46E2-9EC8-ECD1551720A9}"
EndProject
Project("{9A19103F-16F7-4668-BE54-9A1E7A4F7556}") = "FreeCourse.Gateway", "FreeCourse.Gateway\FreeCourse.Gateway.csproj", "{E442BDEF-5924-49DA-B357-13879F912F11}"
EndProject
Project("{2150E333-8FDC-42A3-9474-1A3956D46DE8}") = "Frontend", "Frontend", "{68816229-FCB1-44B4-9847-E8BAFC8B4246}"
EndProject
Project("{FAE04EC0-301F-11D3-BF4B-00C04F79EFBC}") = "FreeCourse.Web", "Frontend\FreeCourse.Web\FreeCourse.Web.csproj", "{774F1F9C-5398-419E-901D-C091F44DF21B}"
EndProject
Global
	GlobalSection(SolutionConfigurationPlatforms) = preSolution
		Debug|Any CPU = Debug|Any CPU
		Release|Any CPU = Release|Any CPU
	EndGlobalSection
	GlobalSection(ProjectConfigurationPlatforms) = postSolution
		{76AD915D-7638-4464-BAB3-28FA7061861C}.Debug|Any CPU.ActiveCfg = Debug|Any CPU
		{76AD915D-7638-4464-BAB3-28FA7061861C}.Debug|Any CPU.Build.0 = Debug|Any CPU
		{76AD915D-7638-4464-BAB3-28FA7061861C}.Release|Any CPU.ActiveCfg = Release|Any CPU
		{76AD915D-7638-4464-BAB3-28FA7061861C}.Release|Any CPU.Build.0 = Release|Any CPU
		{FEA9A5AA-D58A-438C-99B1-8F20AC156F0D}.Debug|Any CPU.ActiveCfg = Debug|Any CPU
		{FEA9A5AA-D58A-438C-99B1-8F20AC156F0D}.Debug|Any CPU.Build.0 = Debug|Any CPU
		{FEA9A5AA-D58A-438C-99B1-8F20AC156F0D}.Release|Any CPU.ActiveCfg = Release|Any CPU
		{FEA9A5AA-D58A-438C-99B1-8F20AC156F0D}.Release|Any CPU.Build.0 = Release|Any CPU
		{A0C7D24B-BD09-46A6-8B38-B4EF5C401D97}.Debug|Any CPU.ActiveCfg = Debug|Any CPU
		{A0C7D24B-BD09-46A6-8B38-B4EF5C401D97}.Debug|Any CPU.Build.0 = Debug|Any CPU
		{A0C7D24B-BD09-46A6-8B38-B4EF5C401D97}.Release|Any CPU.ActiveCfg = Release|Any CPU
		{A0C7D24B-BD09-46A6-8B38-B4EF5C401D97}.Release|Any CPU.Build.0 = Release|Any CPU
		{526F63A7-DBF0-4D4E-A8EE-6BBC36CCB1AC}.Debug|Any CPU.ActiveCfg = Debug|Any CPU
		{526F63A7-DBF0-4D4E-A8EE-6BBC36CCB1AC}.Debug|Any CPU.Build.0 = Debug|Any CPU
		{526F63A7-DBF0-4D4E-A8EE-6BBC36CCB1AC}.Release|Any CPU.ActiveCfg = Release|Any CPU
		{526F63A7-DBF0-4D4E-A8EE-6BBC36CCB1AC}.Release|Any CPU.Build.0 = Release|Any CPU
		{D6C45E1A-C4C4-4A9A-A1E7-04E9334ED9E3}.Debug|Any CPU.ActiveCfg = Debug|Any CPU
		{D6C45E1A-C4C4-4A9A-A1E7-04E9334ED9E3}.Debug|Any CPU.Build.0 = Debug|Any CPU
		{D6C45E1A-C4C4-4A9A-A1E7-04E9334ED9E3}.Release|Any CPU.ActiveCfg = Release|Any CPU
		{D6C45E1A-C4C4-4A9A-A1E7-04E9334ED9E3}.Release|Any CPU.Build.0 = Release|Any CPU
		{05041ED6-5E17-4ABE-8F87-527BF9A36C65}.Debug|Any CPU.ActiveCfg = Debug|Any CPU
		{05041ED6-5E17-4ABE-8F87-527BF9A36C65}.Debug|Any CPU.Build.0 = Debug|Any CPU
		{05041ED6-5E17-4ABE-8F87-527BF9A36C65}.Release|Any CPU.ActiveCfg = Release|Any CPU
		{05041ED6-5E17-4ABE-8F87-527BF9A36C65}.Release|Any CPU.Build.0 = Release|Any CPU
		{2AA1157F-D0D2-447E-9EF2-FAED76C7902E}.Debug|Any CPU.ActiveCfg = Debug|Any CPU
		{2AA1157F-D0D2-447E-9EF2-FAED76C7902E}.Debug|Any CPU.Build.0 = Debug|Any CPU
		{2AA1157F-D0D2-447E-9EF2-FAED76C7902E}.Release|Any CPU.ActiveCfg = Release|Any CPU
		{2AA1157F-D0D2-447E-9EF2-FAED76C7902E}.Release|Any CPU.Build.0 = Release|Any CPU
		{5303E4AE-3E2E-4809-B557-ED4E02FCFDB0}.Debug|Any CPU.ActiveCfg = Debug|Any CPU
		{5303E4AE-3E2E-4809-B557-ED4E02FCFDB0}.Debug|Any CPU.Build.0 = Debug|Any CPU
		{5303E4AE-3E2E-4809-B557-ED4E02FCFDB0}.Release|Any CPU.ActiveCfg = Release|Any CPU
		{5303E4AE-3E2E-4809-B557-ED4E02FCFDB0}.Release|Any CPU.Build.0 = Release|Any CPU
		{5160A945-B2E3-44D6-AC61-D48463AE04AE}.Debug|Any CPU.ActiveCfg = Debug|Any CPU
		{5160A945-B2E3-44D6-AC61-D48463AE04AE}.Debug|Any CPU.Build.0 = Debug|Any CPU
		{5160A945-B2E3-44D6-AC61-D48463AE04AE}.Release|Any CPU.ActiveCfg = Release|Any CPU
		{5160A945-B2E3-44D6-AC61-D48463AE04AE}.Release|Any CPU.Build.0 = Release|Any CPU
		{65E903EA-2CCC-4425-B9B9-DB484F987FD6}.Debug|Any CPU.ActiveCfg = Debug|Any CPU
		{65E903EA-2CCC-4425-B9B9-DB484F987FD6}.Debug|Any CPU.Build.0 = Debug|Any CPU
		{65E903EA-2CCC-4425-B9B9-DB484F987FD6}.Release|Any CPU.ActiveCfg = Release|Any CPU
		{65E903EA-2CCC-4425-B9B9-DB484F987FD6}.Release|Any CPU.Build.0 = Release|Any CPU
		{C59D9EA9-0072-4BCF-9B62-E23CD58CECCF}.Debug|Any CPU.ActiveCfg = Debug|Any CPU
		{C59D9EA9-0072-4BCF-9B62-E23CD58CECCF}.Debug|Any CPU.Build.0 = Debug|Any CPU
		{C59D9EA9-0072-4BCF-9B62-E23CD58CECCF}.Release|Any CPU.ActiveCfg = Release|Any CPU
		{C59D9EA9-0072-4BCF-9B62-E23CD58CECCF}.Release|Any CPU.Build.0 = Release|Any CPU
		{673CE269-8ACE-4BF9-B9E4-45545FE269F4}.Debug|Any CPU.ActiveCfg = Debug|Any CPU
		{673CE269-8ACE-4BF9-B9E4-45545FE269F4}.Debug|Any CPU.Build.0 = Debug|Any CPU
		{673CE269-8ACE-4BF9-B9E4-45545FE269F4}.Release|Any CPU.ActiveCfg = Release|Any CPU
		{673CE269-8ACE-4BF9-B9E4-45545FE269F4}.Release|Any CPU.Build.0 = Release|Any CPU
		{E442BDEF-5924-49DA-B357-13879F912F11}.Debug|Any CPU.ActiveCfg = Debug|Any CPU
		{E442BDEF-5924-49DA-B357-13879F912F11}.Debug|Any CPU.Build.0 = Debug|Any CPU
		{E442BDEF-5924-49DA-B357-13879F912F11}.Release|Any CPU.ActiveCfg = Release|Any CPU
		{E442BDEF-5924-49DA-B357-13879F912F11}.Release|Any CPU.Build.0 = Release|Any CPU
		{774F1F9C-5398-419E-901D-C091F44DF21B}.Debug|Any CPU.ActiveCfg = Debug|Any CPU
		{774F1F9C-5398-419E-901D-C091F44DF21B}.Debug|Any CPU.Build.0 = Debug|Any CPU
		{774F1F9C-5398-419E-901D-C091F44DF21B}.Release|Any CPU.ActiveCfg = Release|Any CPU
		{774F1F9C-5398-419E-901D-C091F44DF21B}.Release|Any CPU.Build.0 = Release|Any CPU
	EndGlobalSection
	GlobalSection(SolutionProperties) = preSolution
		HideSolutionNode = FALSE
	EndGlobalSection
	GlobalSection(NestedProjects) = preSolution
		{785ABA9A-4984-4869-A86C-F028FF8A396D} = {CB6E2F3C-7406-419A-82BB-BC5840D9CACD}
		{76AD915D-7638-4464-BAB3-28FA7061861C} = {785ABA9A-4984-4869-A86C-F028FF8A396D}
		{FEA9A5AA-D58A-438C-99B1-8F20AC156F0D} = {3E86EB21-6F1A-43E4-9DB6-147D9AFFE08F}
		{A0C7D24B-BD09-46A6-8B38-B4EF5C401D97} = {96A41863-5977-4A57-A37E-9751CAA817F3}
		{09036ED1-0EA3-4D88-AB94-9C8DBB02260B} = {CB6E2F3C-7406-419A-82BB-BC5840D9CACD}
		{526F63A7-DBF0-4D4E-A8EE-6BBC36CCB1AC} = {09036ED1-0EA3-4D88-AB94-9C8DBB02260B}
		{DBC5D0DB-0FBC-448B-BBA8-0E3C5953BEA5} = {CB6E2F3C-7406-419A-82BB-BC5840D9CACD}
		{D6C45E1A-C4C4-4A9A-A1E7-04E9334ED9E3} = {DBC5D0DB-0FBC-448B-BBA8-0E3C5953BEA5}
		{0D2CEC57-3F4E-400E-ADCD-72D2C563CE29} = {CB6E2F3C-7406-419A-82BB-BC5840D9CACD}
		{05041ED6-5E17-4ABE-8F87-527BF9A36C65} = {0D2CEC57-3F4E-400E-ADCD-72D2C563CE29}
		{743747CB-366B-47C4-AAFC-83660D2EC899} = {CB6E2F3C-7406-419A-82BB-BC5840D9CACD}
		{2AA1157F-D0D2-447E-9EF2-FAED76C7902E} = {743747CB-366B-47C4-AAFC-83660D2EC899}
		{5303E4AE-3E2E-4809-B557-ED4E02FCFDB0} = {743747CB-366B-47C4-AAFC-83660D2EC899}
		{5160A945-B2E3-44D6-AC61-D48463AE04AE} = {743747CB-366B-47C4-AAFC-83660D2EC899}
		{65E903EA-2CCC-4425-B9B9-DB484F987FD6} = {743747CB-366B-47C4-AAFC-83660D2EC899}
		{C59D9EA9-0072-4BCF-9B62-E23CD58CECCF} = {743747CB-366B-47C4-AAFC-83660D2EC899}
		{4187570D-7138-4504-B1F8-879AB77F34BC} = {CB6E2F3C-7406-419A-82BB-BC5840D9CACD}
		{673CE269-8ACE-4BF9-B9E4-45545FE269F4} = {4187570D-7138-4504-B1F8-879AB77F34BC}
		{E442BDEF-5924-49DA-B357-13879F912F11} = {24D1EAC4-10E9-46E2-9EC8-ECD1551720A9}
		{774F1F9C-5398-419E-901D-C091F44DF21B} = {68816229-FCB1-44B4-9847-E8BAFC8B4246}
	EndGlobalSection
	GlobalSection(ExtensibilityGlobals) = postSolution
		SolutionGuid = {94166BE2-4F0F-4A31-9BF4-895B0A491997}
	EndGlobalSection
EndGlobal
